
Microsoft Visual Studio Solution File, Format Version 12.00
# Visual Studio Version 17
VisualStudioVersion = 17.10.35122.118
MinimumVisualStudioVersion = 10.0.40219.1
Project("{FAE04EC0-301F-11D3-BF4B-00C04F79EFBC}") = "JogoAcertouPerdeu", "JogoAcertouPerdeu.csproj", "{DC9082AA-8770-4A1E-9A9A-79111D3522BD}"
EndProject
Global
	GlobalSection(SolutionConfigurationPlatforms) = preSolution
		Debug|Any CPU = Debug|Any CPU
		Release|Any CPU = Release|Any CPU
	EndGlobalSection
	GlobalSection(ProjectConfigurationPlatforms) = postSolution
		{DC9082AA-8770-4A1E-9A9A-79111D3522BD}.Debug|Any CPU.ActiveCfg = Debug|Any CPU
		{DC9082AA-8770-4A1E-9A9A-79111D3522BD}.Debug|Any CPU.Build.0 = Debug|Any CPU
		{DC9082AA-8770-4A1E-9A9A-79111D3522BD}.Release|Any CPU.ActiveCfg = Release|Any CPU
		{DC9082AA-8770-4A1E-9A9A-79111D3522BD}.Release|Any CPU.Build.0 = Release|Any CPU
	EndGlobalSection
	GlobalSection(SolutionProperties) = preSolution
		HideSolutionNode = FALSE
	EndGlobalSection
	GlobalSection(ExtensibilityGlobals) = postSolution
		SolutionGuid = {E53DF46F-97B3-4306-A725-7D9E769F701B}
	EndGlobalSection
EndGlobal
